{
    "name": "rxjs-take-while-inclusive",
    "version": "1.0.2",
    "lockfileVersion": 1,
    "requires": true,
    "dependencies": {
        "rxjs": {
            "version": "5.5.10",
            "resolved": "https://registry.npmjs.org/rxjs/-/rxjs-5.5.10.tgz",
            "integrity": "sha512-SRjimIDUHJkon+2hFo7xnvNC4ZEHGzCRwh9P7nzX3zPkCGFEg/tuElrNR7L/rZMagnK2JeH2jQwPRpmyXyLB6A==",
            "requires": {
                "symbol-observable": "1.0.1"
            }
        },
        "symbol-observable": {
            "version": "1.0.1",
            "resolved": "https://registry.npmjs.org/symbol-observable/-/symbol-observable-1.0.1.tgz",
            "integrity": "sha1-g0D8RwLDEi310iKI+IKD9RPT/dQ="
        }
    }
}
